
Microsoft Visual Studio Solution File, Format Version 12.00
# Visual Studio Version 17
VisualStudioVersion = 17.2.32616.157
MinimumVisualStudioVersion = 10.0.40219.1
Project("{9A19103F-16F7-4668-BE54-9A1E7A4F7556}") = "LinkedList", "LinkedList\LinkedList.csproj", "{708C4EA4-C8F2-44C1-8C99-C46CBEC6071A}"
EndProject
Project("{9A19103F-16F7-4668-BE54-9A1E7A4F7556}") = "SampleApp", "Samples\SampleApp.csproj", "{724209D0-2118-4148-956A-80722796B396}"
EndProject
Project("{9A19103F-16F7-4668-BE54-9A1E7A4F7556}") = "Stack", "Stack.List\Stack.csproj", "{287ED41E-FCEB-470A-8AFE-BD0CDCCD1C46}"
EndProject
Project("{9A19103F-16F7-4668-BE54-9A1E7A4F7556}") = "Queue", "Queue.List\Queue.csproj", "{465DEC18-AC62-40F8-8E88-B9EB25A97D29}"
EndProject
Project("{9A19103F-16F7-4668-BE54-9A1E7A4F7556}") = "Graph", "Graph\Graph.csproj", "{9AB41FA9-8752-4973-8F36-FF89590D6CA3}"
EndProject
Project("{9A19103F-16F7-4668-BE54-9A1E7A4F7556}") = "Tree", "Tree\Tree.csproj", "{6DE8E387-6AFE-41D6-815B-954E38FDA3BA}"
EndProject
Global
	GlobalSection(SolutionConfigurationPlatforms) = preSolution
		Debug|Any CPU = Debug|Any CPU
		Release|Any CPU = Release|Any CPU
	EndGlobalSection
	GlobalSection(ProjectConfigurationPlatforms) = postSolution
		{708C4EA4-C8F2-44C1-8C99-C46CBEC6071A}.Debug|Any CPU.ActiveCfg = Debug|Any CPU
		{708C4EA4-C8F2-44C1-8C99-C46CBEC6071A}.Debug|Any CPU.Build.0 = Debug|Any CPU
		{708C4EA4-C8F2-44C1-8C99-C46CBEC6071A}.Release|Any CPU.ActiveCfg = Release|Any CPU
		{708C4EA4-C8F2-44C1-8C99-C46CBEC6071A}.Release|Any CPU.Build.0 = Release|Any CPU
		{724209D0-2118-4148-956A-80722796B396}.Debug|Any CPU.ActiveCfg = Debug|Any CPU
		{724209D0-2118-4148-956A-80722796B396}.Debug|Any CPU.Build.0 = Debug|Any CPU
		{724209D0-2118-4148-956A-80722796B396}.Release|Any CPU.ActiveCfg = Release|Any CPU
		{724209D0-2118-4148-956A-80722796B396}.Release|Any CPU.Build.0 = Release|Any CPU
		{287ED41E-FCEB-470A-8AFE-BD0CDCCD1C46}.Debug|Any CPU.ActiveCfg = Debug|Any CPU
		{287ED41E-FCEB-470A-8AFE-BD0CDCCD1C46}.Debug|Any CPU.Build.0 = Debug|Any CPU
		{287ED41E-FCEB-470A-8AFE-BD0CDCCD1C46}.Release|Any CPU.ActiveCfg = Release|Any CPU
		{287ED41E-FCEB-470A-8AFE-BD0CDCCD1C46}.Release|Any CPU.Build.0 = Release|Any CPU
		{465DEC18-AC62-40F8-8E88-B9EB25A97D29}.Debug|Any CPU.ActiveCfg = Debug|Any CPU
		{465DEC18-AC62-40F8-8E88-B9EB25A97D29}.Debug|Any CPU.Build.0 = Debug|Any CPU
		{465DEC18-AC62-40F8-8E88-B9EB25A97D29}.Release|Any CPU.ActiveCfg = Release|Any CPU
		{465DEC18-AC62-40F8-8E88-B9EB25A97D29}.Release|Any CPU.Build.0 = Release|Any CPU
		{9AB41FA9-8752-4973-8F36-FF89590D6CA3}.Debug|Any CPU.ActiveCfg = Debug|Any CPU
		{9AB41FA9-8752-4973-8F36-FF89590D6CA3}.Debug|Any CPU.Build.0 = Debug|Any CPU
		{9AB41FA9-8752-4973-8F36-FF89590D6CA3}.Release|Any CPU.ActiveCfg = Release|Any CPU
		{9AB41FA9-8752-4973-8F36-FF89590D6CA3}.Release|Any CPU.Build.0 = Release|Any CPU
		{6DE8E387-6AFE-41D6-815B-954E38FDA3BA}.Debug|Any CPU.ActiveCfg = Debug|Any CPU
		{6DE8E387-6AFE-41D6-815B-954E38FDA3BA}.Debug|Any CPU.Build.0 = Debug|Any CPU
		{6DE8E387-6AFE-41D6-815B-954E38FDA3BA}.Release|Any CPU.ActiveCfg = Release|Any CPU
		{6DE8E387-6AFE-41D6-815B-954E38FDA3BA}.Release|Any CPU.Build.0 = Release|Any CPU
	EndGlobalSection
	GlobalSection(SolutionProperties) = preSolution
		HideSolutionNode = FALSE
	EndGlobalSection
	GlobalSection(ExtensibilityGlobals) = postSolution
		SolutionGuid = {9DF3E451-5DBD-47A8-8DF7-E223B41B4CCE}
	EndGlobalSection
EndGlobal
